
Microsoft Visual Studio Solution File, Format Version 12.00
# Visual Studio 15
VisualStudioVersion = 15.0.27102.0
MinimumVisualStudioVersion = 10.0.40219.1
Project("{9A19103F-16F7-4668-BE54-9A1E7A4F7556}") = "PPSI.Web.Pupuk", "PPSI.Web.Pupuk\PPSI.Web.Pupuk.csproj", "{84021029-BAB5-4DD3-9B5B-1B9FB4FD4E11}"
EndProject
Global
	GlobalSection(SolutionConfigurationPlatforms) = preSolution
		Debug|Any CPU = Debug|Any CPU
		Release|Any CPU = Release|Any CPU
	EndGlobalSection
	GlobalSection(ProjectConfigurationPlatforms) = postSolution
		{84021029-BAB5-4DD3-9B5B-1B9FB4FD4E11}.Debug|Any CPU.ActiveCfg = Debug|Any CPU
		{84021029-BAB5-4DD3-9B5B-1B9FB4FD4E11}.Debug|Any CPU.Build.0 = Debug|Any CPU
		{84021029-BAB5-4DD3-9B5B-1B9FB4FD4E11}.Release|Any CPU.ActiveCfg = Release|Any CPU
		{84021029-BAB5-4DD3-9B5B-1B9FB4FD4E11}.Release|Any CPU.Build.0 = Release|Any CPU
	EndGlobalSection
	GlobalSection(SolutionProperties) = preSolution
		HideSolutionNode = FALSE
	EndGlobalSection
	GlobalSection(ExtensibilityGlobals) = postSolution
		SolutionGuid = {9CC8E8BF-570F-471B-A263-7A9BA7C7E865}
	EndGlobalSection
EndGlobal
